
Microsoft Visual Studio Solution File, Format Version 12.00
# Visual Studio Version 17
VisualStudioVersion = 17.4.33213.308
MinimumVisualStudioVersion = 10.0.40219.1
Project("{FAE04EC0-301F-11D3-BF4B-00C04F79EFBC}") = "clase progra 11 de marzo", "clase progra 11 de marzo\clase progra 11 de marzo.csproj", "{5C23845D-6EB4-4097-9932-FEF5EC1E884C}"
EndProject
Global
	GlobalSection(SolutionConfigurationPlatforms) = preSolution
		Debug|Any CPU = Debug|Any CPU
		Release|Any CPU = Release|Any CPU
	EndGlobalSection
	GlobalSection(ProjectConfigurationPlatforms) = postSolution
		{5C23845D-6EB4-4097-9932-FEF5EC1E884C}.Debug|Any CPU.ActiveCfg = Debug|Any CPU
		{5C23845D-6EB4-4097-9932-FEF5EC1E884C}.Debug|Any CPU.Build.0 = Debug|Any CPU
		{5C23845D-6EB4-4097-9932-FEF5EC1E884C}.Release|Any CPU.ActiveCfg = Release|Any CPU
		{5C23845D-6EB4-4097-9932-FEF5EC1E884C}.Release|Any CPU.Build.0 = Release|Any CPU
	EndGlobalSection
	GlobalSection(SolutionProperties) = preSolution
		HideSolutionNode = FALSE
	EndGlobalSection
	GlobalSection(ExtensibilityGlobals) = postSolution
		SolutionGuid = {B4D6B0F9-C106-4E09-9C3D-432A57723B2E}
	EndGlobalSection
EndGlobal
